
Microsoft Visual Studio Solution File, Format Version 12.00
# Visual Studio 2012
Project("{FAE04EC0-301F-11D3-BF4B-00C04F79EFBC}") = "AoHook", "AoHook\AoHook.csproj", "{9D4C0C80-673E-406F-8243-DC5CD05F28BE}"
EndProject
Project("{FAE04EC0-301F-11D3-BF4B-00C04F79EFBC}") = "AoHookBridge", "AoHookBridge\AoHookBridge.csproj", "{F8D9045E-3354-43A0-AF4B-89E56BFB7372}"
EndProject
Project("{FAE04EC0-301F-11D3-BF4B-00C04F79EFBC}") = "RKNTrackerService", "RKNTrackerService\RKNTrackerService.csproj", "{CBF0DC16-4521-4F19-8CDE-D06D9ED58C56}"
EndProject
Project("{FAE04EC0-301F-11D3-BF4B-00C04F79EFBC}") = "RKNTrackerShared", "RKNTrackerShared\RKNTrackerShared.csproj", "{49511791-3F87-4F65-91CF-D657CF7842BD}"
EndProject
Project("{6141683F-8A12-4E36-9623-2EB02B2C2303}") = "RKNTrackerInstaller", "RKNTrackerInstaller\RKNTrackerInstaller.isproj", "{827AA398-C0D3-4A9E-834A-34213BDDDC5A}"
	ProjectSection(ProjectDependencies) = postProject
		{CBF0DC16-4521-4F19-8CDE-D06D9ED58C56} = {CBF0DC16-4521-4F19-8CDE-D06D9ED58C56}
		{F8D9045E-3354-43A0-AF4B-89E56BFB7372} = {F8D9045E-3354-43A0-AF4B-89E56BFB7372}
		{9D4C0C80-673E-406F-8243-DC5CD05F28BE} = {9D4C0C80-673E-406F-8243-DC5CD05F28BE}
		{49511791-3F87-4F65-91CF-D657CF7842BD} = {49511791-3F87-4F65-91CF-D657CF7842BD}
	EndProjectSection
EndProject
Global
	GlobalSection(SolutionConfigurationPlatforms) = preSolution
		CD_ROM|Any CPU = CD_ROM|Any CPU
		CD_ROM|Mixed Platforms = CD_ROM|Mixed Platforms
		CD_ROM|x86 = CD_ROM|x86
		Debug|Any CPU = Debug|Any CPU
		Debug|Mixed Platforms = Debug|Mixed Platforms
		Debug|x86 = Debug|x86
		DVD-5|Any CPU = DVD-5|Any CPU
		DVD-5|Mixed Platforms = DVD-5|Mixed Platforms
		DVD-5|x86 = DVD-5|x86
		Release|Any CPU = Release|Any CPU
		Release|Mixed Platforms = Release|Mixed Platforms
		Release|x86 = Release|x86
		SingleImage|Any CPU = SingleImage|Any CPU
		SingleImage|Mixed Platforms = SingleImage|Mixed Platforms
		SingleImage|x86 = SingleImage|x86
	EndGlobalSection
	GlobalSection(ProjectConfigurationPlatforms) = postSolution
		{9D4C0C80-673E-406F-8243-DC5CD05F28BE}.CD_ROM|Any CPU.ActiveCfg = Release|Any CPU
		{9D4C0C80-673E-406F-8243-DC5CD05F28BE}.CD_ROM|Any CPU.Build.0 = Release|Any CPU
		{9D4C0C80-673E-406F-8243-DC5CD05F28BE}.CD_ROM|Mixed Platforms.ActiveCfg = Release|x86
		{9D4C0C80-673E-406F-8243-DC5CD05F28BE}.CD_ROM|Mixed Platforms.Build.0 = Release|x86
		{9D4C0C80-673E-406F-8243-DC5CD05F28BE}.CD_ROM|x86.ActiveCfg = Release|x86
		{9D4C0C80-673E-406F-8243-DC5CD05F28BE}.CD_ROM|x86.Build.0 = Release|x86
		{9D4C0C80-673E-406F-8243-DC5CD05F28BE}.Debug|Any CPU.ActiveCfg = Debug|Any CPU
		{9D4C0C80-673E-406F-8243-DC5CD05F28BE}.Debug|Any CPU.Build.0 = Debug|Any CPU
		{9D4C0C80-673E-406F-8243-DC5CD05F28BE}.Debug|Mixed Platforms.ActiveCfg = Debug|Any CPU
		{9D4C0C80-673E-406F-8243-DC5CD05F28BE}.Debug|Mixed Platforms.Build.0 = Debug|Any CPU
		{9D4C0C80-673E-406F-8243-DC5CD05F28BE}.Debug|x86.ActiveCfg = Debug|x86
		{9D4C0C80-673E-406F-8243-DC5CD05F28BE}.Debug|x86.Build.0 = Debug|x86
		{9D4C0C80-673E-406F-8243-DC5CD05F28BE}.DVD-5|Any CPU.ActiveCfg = Debug|Any CPU
		{9D4C0C80-673E-406F-8243-DC5CD05F28BE}.DVD-5|Any CPU.Build.0 = Debug|Any CPU
		{9D4C0C80-673E-406F-8243-DC5CD05F28BE}.DVD-5|Mixed Platforms.ActiveCfg = Debug|x86
		{9D4C0C80-673E-406F-8243-DC5CD05F28BE}.DVD-5|Mixed Platforms.Build.0 = Debug|x86
		{9D4C0C80-673E-406F-8243-DC5CD05F28BE}.DVD-5|x86.ActiveCfg = Debug|x86
		{9D4C0C80-673E-406F-8243-DC5CD05F28BE}.DVD-5|x86.Build.0 = Debug|x86
		{9D4C0C80-673E-406F-8243-DC5CD05F28BE}.Release|Any CPU.ActiveCfg = Release|Any CPU
		{9D4C0C80-673E-406F-8243-DC5CD05F28BE}.Release|Any CPU.Build.0 = Release|Any CPU
		{9D4C0C80-673E-406F-8243-DC5CD05F28BE}.Release|Mixed Platforms.ActiveCfg = Release|Any CPU
		{9D4C0C80-673E-406F-8243-DC5CD05F28BE}.Release|Mixed Platforms.Build.0 = Release|Any CPU
		{9D4C0C80-673E-406F-8243-DC5CD05F28BE}.Release|x86.ActiveCfg = Release|x86
		{9D4C0C80-673E-406F-8243-DC5CD05F28BE}.Release|x86.Build.0 = Release|x86
		{9D4C0C80-673E-406F-8243-DC5CD05F28BE}.SingleImage|Any CPU.ActiveCfg = Release|Any CPU
		{9D4C0C80-673E-406F-8243-DC5CD05F28BE}.SingleImage|Any CPU.Build.0 = Release|Any CPU
		{9D4C0C80-673E-406F-8243-DC5CD05F28BE}.SingleImage|Mixed Platforms.ActiveCfg = Release|x86
		{9D4C0C80-673E-406F-8243-DC5CD05F28BE}.SingleImage|Mixed Platforms.Build.0 = Release|x86
		{9D4C0C80-673E-406F-8243-DC5CD05F28BE}.SingleImage|x86.ActiveCfg = Release|x86
		{9D4C0C80-673E-406F-8243-DC5CD05F28BE}.SingleImage|x86.Build.0 = Release|x86
		{F8D9045E-3354-43A0-AF4B-89E56BFB7372}.CD_ROM|Any CPU.ActiveCfg = Release|Any CPU
		{F8D9045E-3354-43A0-AF4B-89E56BFB7372}.CD_ROM|Any CPU.Build.0 = Release|Any CPU
		{F8D9045E-3354-43A0-AF4B-89E56BFB7372}.CD_ROM|Mixed Platforms.ActiveCfg = Release|x86
		{F8D9045E-3354-43A0-AF4B-89E56BFB7372}.CD_ROM|Mixed Platforms.Build.0 = Release|x86
		{F8D9045E-3354-43A0-AF4B-89E56BFB7372}.CD_ROM|x86.ActiveCfg = Release|x86
		{F8D9045E-3354-43A0-AF4B-89E56BFB7372}.CD_ROM|x86.Build.0 = Release|x86
		{F8D9045E-3354-43A0-AF4B-89E56BFB7372}.Debug|Any CPU.ActiveCfg = Debug|Any CPU
		{F8D9045E-3354-43A0-AF4B-89E56BFB7372}.Debug|Any CPU.Build.0 = Debug|Any CPU
		{F8D9045E-3354-43A0-AF4B-89E56BFB7372}.Debug|Mixed Platforms.ActiveCfg = Debug|Any CPU
		{F8D9045E-3354-43A0-AF4B-89E56BFB7372}.Debug|Mixed Platforms.Build.0 = Debug|Any CPU
		{F8D9045E-3354-43A0-AF4B-89E56BFB7372}.Debug|x86.ActiveCfg = Debug|x86
		{F8D9045E-3354-43A0-AF4B-89E56BFB7372}.Debug|x86.Build.0 = Debug|x86
		{F8D9045E-3354-43A0-AF4B-89E56BFB7372}.DVD-5|Any CPU.ActiveCfg = Debug|Any CPU
		{F8D9045E-3354-43A0-AF4B-89E56BFB7372}.DVD-5|Any CPU.Build.0 = Debug|Any CPU
		{F8D9045E-3354-43A0-AF4B-89E56BFB7372}.DVD-5|Mixed Platforms.ActiveCfg = Debug|x86
		{F8D9045E-3354-43A0-AF4B-89E56BFB7372}.DVD-5|Mixed Platforms.Build.0 = Debug|x86
		{F8D9045E-3354-43A0-AF4B-89E56BFB7372}.DVD-5|x86.ActiveCfg = Debug|x86
		{F8D9045E-3354-43A0-AF4B-89E56BFB7372}.DVD-5|x86.Build.0 = Debug|x86
		{F8D9045E-3354-43A0-AF4B-89E56BFB7372}.Release|Any CPU.ActiveCfg = Release|Any CPU
		{F8D9045E-3354-43A0-AF4B-89E56BFB7372}.Release|Any CPU.Build.0 = Release|Any CPU
		{F8D9045E-3354-43A0-AF4B-89E56BFB7372}.Release|Mixed Platforms.ActiveCfg = Release|Any CPU
		{F8D9045E-3354-43A0-AF4B-89E56BFB7372}.Release|Mixed Platforms.Build.0 = Release|Any CPU
		{F8D9045E-3354-43A0-AF4B-89E56BFB7372}.Release|x86.ActiveCfg = Release|x86
		{F8D9045E-3354-43A0-AF4B-89E56BFB7372}.Release|x86.Build.0 = Release|x86
		{F8D9045E-3354-43A0-AF4B-89E56BFB7372}.SingleImage|Any CPU.ActiveCfg = Release|Any CPU
		{F8D9045E-3354-43A0-AF4B-89E56BFB7372}.SingleImage|Any CPU.Build.0 = Release|Any CPU
		{F8D9045E-3354-43A0-AF4B-89E56BFB7372}.SingleImage|Mixed Platforms.ActiveCfg = Release|x86
		{F8D9045E-3354-43A0-AF4B-89E56BFB7372}.SingleImage|Mixed Platforms.Build.0 = Release|x86
		{F8D9045E-3354-43A0-AF4B-89E56BFB7372}.SingleImage|x86.ActiveCfg = Release|x86
		{F8D9045E-3354-43A0-AF4B-89E56BFB7372}.SingleImage|x86.Build.0 = Release|x86
		{CBF0DC16-4521-4F19-8CDE-D06D9ED58C56}.CD_ROM|Any CPU.ActiveCfg = Release|Any CPU
		{CBF0DC16-4521-4F19-8CDE-D06D9ED58C56}.CD_ROM|Any CPU.Build.0 = Release|Any CPU
		{CBF0DC16-4521-4F19-8CDE-D06D9ED58C56}.CD_ROM|Mixed Platforms.ActiveCfg = Release|Any CPU
		{CBF0DC16-4521-4F19-8CDE-D06D9ED58C56}.CD_ROM|Mixed Platforms.Build.0 = Release|Any CPU
		{CBF0DC16-4521-4F19-8CDE-D06D9ED58C56}.CD_ROM|x86.ActiveCfg = Release|Any CPU
		{CBF0DC16-4521-4F19-8CDE-D06D9ED58C56}.Debug|Any CPU.ActiveCfg = Debug|Any CPU
		{CBF0DC16-4521-4F19-8CDE-D06D9ED58C56}.Debug|Any CPU.Build.0 = Debug|Any CPU
		{CBF0DC16-4521-4F19-8CDE-D06D9ED58C56}.Debug|Mixed Platforms.ActiveCfg = Debug|Any CPU
		{CBF0DC16-4521-4F19-8CDE-D06D9ED58C56}.Debug|Mixed Platforms.Build.0 = Debug|Any CPU
		{CBF0DC16-4521-4F19-8CDE-D06D9ED58C56}.Debug|x86.ActiveCfg = Debug|Any CPU
		{CBF0DC16-4521-4F19-8CDE-D06D9ED58C56}.DVD-5|Any CPU.ActiveCfg = Debug|Any CPU
		{CBF0DC16-4521-4F19-8CDE-D06D9ED58C56}.DVD-5|Any CPU.Build.0 = Debug|Any CPU
		{CBF0DC16-4521-4F19-8CDE-D06D9ED58C56}.DVD-5|Mixed Platforms.ActiveCfg = Debug|Any CPU
		{CBF0DC16-4521-4F19-8CDE-D06D9ED58C56}.DVD-5|Mixed Platforms.Build.0 = Debug|Any CPU
		{CBF0DC16-4521-4F19-8CDE-D06D9ED58C56}.DVD-5|x86.ActiveCfg = Debug|Any CPU
		{CBF0DC16-4521-4F19-8CDE-D06D9ED58C56}.Release|Any CPU.ActiveCfg = Release|Any CPU
		{CBF0DC16-4521-4F19-8CDE-D06D9ED58C56}.Release|Any CPU.Build.0 = Release|Any CPU
		{CBF0DC16-4521-4F19-8CDE-D06D9ED58C56}.Release|Mixed Platforms.ActiveCfg = Release|Any CPU
		{CBF0DC16-4521-4F19-8CDE-D06D9ED58C56}.Release|Mixed Platforms.Build.0 = Release|Any CPU
		{CBF0DC16-4521-4F19-8CDE-D06D9ED58C56}.Release|x86.ActiveCfg = Release|Any CPU
		{CBF0DC16-4521-4F19-8CDE-D06D9ED58C56}.SingleImage|Any CPU.ActiveCfg = Release|Any CPU
		{CBF0DC16-4521-4F19-8CDE-D06D9ED58C56}.SingleImage|Any CPU.Build.0 = Release|Any CPU
		{CBF0DC16-4521-4F19-8CDE-D06D9ED58C56}.SingleImage|Mixed Platforms.ActiveCfg = Release|Any CPU
		{CBF0DC16-4521-4F19-8CDE-D06D9ED58C56}.SingleImage|Mixed Platforms.Build.0 = Release|Any CPU
		{CBF0DC16-4521-4F19-8CDE-D06D9ED58C56}.SingleImage|x86.ActiveCfg = Release|Any CPU
		{49511791-3F87-4F65-91CF-D657CF7842BD}.CD_ROM|Any CPU.ActiveCfg = Release|Any CPU
		{49511791-3F87-4F65-91CF-D657CF7842BD}.CD_ROM|Any CPU.Build.0 = Release|Any CPU
		{49511791-3F87-4F65-91CF-D657CF7842BD}.CD_ROM|Mixed Platforms.ActiveCfg = Release|x86
		{49511791-3F87-4F65-91CF-D657CF7842BD}.CD_ROM|Mixed Platforms.Build.0 = Release|x86
		{49511791-3F87-4F65-91CF-D657CF7842BD}.CD_ROM|x86.ActiveCfg = Release|x86
		{49511791-3F87-4F65-91CF-D657CF7842BD}.CD_ROM|x86.Build.0 = Release|x86
		{49511791-3F87-4F65-91CF-D657CF7842BD}.Debug|Any CPU.ActiveCfg = Debug|Any CPU
		{49511791-3F87-4F65-91CF-D657CF7842BD}.Debug|Any CPU.Build.0 = Debug|Any CPU
		{49511791-3F87-4F65-91CF-D657CF7842BD}.Debug|Mixed Platforms.ActiveCfg = Debug|Any CPU
		{49511791-3F87-4F65-91CF-D657CF7842BD}.Debug|Mixed Platforms.Build.0 = Debug|Any CPU
		{49511791-3F87-4F65-91CF-D657CF7842BD}.Debug|x86.ActiveCfg = Debug|x86
		{49511791-3F87-4F65-91CF-D657CF7842BD}.Debug|x86.Build.0 = Debug|x86
		{49511791-3F87-4F65-91CF-D657CF7842BD}.DVD-5|Any CPU.ActiveCfg = Debug|Any CPU
		{49511791-3F87-4F65-91CF-D657CF7842BD}.DVD-5|Any CPU.Build.0 = Debug|Any CPU
		{49511791-3F87-4F65-91CF-D657CF7842BD}.DVD-5|Mixed Platforms.ActiveCfg = Debug|x86
		{49511791-3F87-4F65-91CF-D657CF7842BD}.DVD-5|Mixed Platforms.Build.0 = Debug|x86
		{49511791-3F87-4F65-91CF-D657CF7842BD}.DVD-5|x86.ActiveCfg = Debug|x86
		{49511791-3F87-4F65-91CF-D657CF7842BD}.DVD-5|x86.Build.0 = Debug|x86
		{49511791-3F87-4F65-91CF-D657CF7842BD}.Release|Any CPU.ActiveCfg = Release|Any CPU
		{49511791-3F87-4F65-91CF-D657CF7842BD}.Release|Any CPU.Build.0 = Release|Any CPU
		{49511791-3F87-4F65-91CF-D657CF7842BD}.Release|Mixed Platforms.ActiveCfg = Release|Any CPU
		{49511791-3F87-4F65-91CF-D657CF7842BD}.Release|Mixed Platforms.Build.0 = Release|Any CPU
		{49511791-3F87-4F65-91CF-D657CF7842BD}.Release|x86.ActiveCfg = Release|x86
		{49511791-3F87-4F65-91CF-D657CF7842BD}.Release|x86.Build.0 = Release|x86
		{49511791-3F87-4F65-91CF-D657CF7842BD}.SingleImage|Any CPU.ActiveCfg = Release|Any CPU
		{49511791-3F87-4F65-91CF-D657CF7842BD}.SingleImage|Any CPU.Build.0 = Release|Any CPU
		{49511791-3F87-4F65-91CF-D657CF7842BD}.SingleImage|Mixed Platforms.ActiveCfg = Release|x86
		{49511791-3F87-4F65-91CF-D657CF7842BD}.SingleImage|Mixed Platforms.Build.0 = Release|x86
		{49511791-3F87-4F65-91CF-D657CF7842BD}.SingleImage|x86.ActiveCfg = Release|x86
		{49511791-3F87-4F65-91CF-D657CF7842BD}.SingleImage|x86.Build.0 = Release|x86
		{827AA398-C0D3-4A9E-834A-34213BDDDC5A}.CD_ROM|Any CPU.ActiveCfg = CD_ROM
		{827AA398-C0D3-4A9E-834A-34213BDDDC5A}.CD_ROM|Any CPU.Build.0 = CD_ROM
		{827AA398-C0D3-4A9E-834A-34213BDDDC5A}.CD_ROM|Mixed Platforms.ActiveCfg = CD_ROM
		{827AA398-C0D3-4A9E-834A-34213BDDDC5A}.CD_ROM|Mixed Platforms.Build.0 = CD_ROM
		{827AA398-C0D3-4A9E-834A-34213BDDDC5A}.CD_ROM|x86.ActiveCfg = CD_ROM
		{827AA398-C0D3-4A9E-834A-34213BDDDC5A}.CD_ROM|x86.Build.0 = CD_ROM
		{827AA398-C0D3-4A9E-834A-34213BDDDC5A}.Debug|Any CPU.ActiveCfg = SingleImage
		{827AA398-C0D3-4A9E-834A-34213BDDDC5A}.Debug|Any CPU.Build.0 = SingleImage
		{827AA398-C0D3-4A9E-834A-34213BDDDC5A}.Debug|Mixed Platforms.ActiveCfg = SingleImage
		{827AA398-C0D3-4A9E-834A-34213BDDDC5A}.Debug|Mixed Platforms.Build.0 = SingleImage
		{827AA398-C0D3-4A9E-834A-34213BDDDC5A}.Debug|x86.ActiveCfg = DVD-5
		{827AA398-C0D3-4A9E-834A-34213BDDDC5A}.Debug|x86.Build.0 = DVD-5
		{827AA398-C0D3-4A9E-834A-34213BDDDC5A}.DVD-5|Any CPU.ActiveCfg = DVD-5
		{827AA398-C0D3-4A9E-834A-34213BDDDC5A}.DVD-5|Any CPU.Build.0 = DVD-5
		{827AA398-C0D3-4A9E-834A-34213BDDDC5A}.DVD-5|Mixed Platforms.ActiveCfg = DVD-5
		{827AA398-C0D3-4A9E-834A-34213BDDDC5A}.DVD-5|Mixed Platforms.Build.0 = DVD-5
		{827AA398-C0D3-4A9E-834A-34213BDDDC5A}.DVD-5|x86.ActiveCfg = DVD-5
		{827AA398-C0D3-4A9E-834A-34213BDDDC5A}.DVD-5|x86.Build.0 = DVD-5
		{827AA398-C0D3-4A9E-834A-34213BDDDC5A}.Release|Any CPU.ActiveCfg = SingleImage
		{827AA398-C0D3-4A9E-834A-34213BDDDC5A}.Release|Any CPU.Build.0 = SingleImage
		{827AA398-C0D3-4A9E-834A-34213BDDDC5A}.Release|Mixed Platforms.ActiveCfg = SingleImage
		{827AA398-C0D3-4A9E-834A-34213BDDDC5A}.Release|Mixed Platforms.Build.0 = SingleImage
		{827AA398-C0D3-4A9E-834A-34213BDDDC5A}.Release|x86.ActiveCfg = SingleImage
		{827AA398-C0D3-4A9E-834A-34213BDDDC5A}.Release|x86.Build.0 = SingleImage
		{827AA398-C0D3-4A9E-834A-34213BDDDC5A}.SingleImage|Any CPU.ActiveCfg = SingleImage
		{827AA398-C0D3-4A9E-834A-34213BDDDC5A}.SingleImage|Any CPU.Build.0 = SingleImage
		{827AA398-C0D3-4A9E-834A-34213BDDDC5A}.SingleImage|Mixed Platforms.ActiveCfg = SingleImage
		{827AA398-C0D3-4A9E-834A-34213BDDDC5A}.SingleImage|Mixed Platforms.Build.0 = SingleImage
		{827AA398-C0D3-4A9E-834A-34213BDDDC5A}.SingleImage|x86.ActiveCfg = SingleImage
		{827AA398-C0D3-4A9E-834A-34213BDDDC5A}.SingleImage|x86.Build.0 = SingleImage
	EndGlobalSection
	GlobalSection(SolutionProperties) = preSolution
		HideSolutionNode = FALSE
	EndGlobalSection
EndGlobal
